Microsoft Visual Studio Solution File, Format Version 12.00
# Visual Studio Version 16
VisualStudioVersion = 16.0.28701.123
MinimumVisualStudioVersion = 10.0.40219.1
Project("{FAE04EC0-301F-11D3-BF4B-00C04F79EFBC}") = "LegacyTradeReconciliation", "LegacyTradeReconciliation\LegacyTradeReconciliation.csproj", "{6C5D80C7-7C04-4BBA-A8E3-2E35AFD0C76C}"
EndProject
Project("{FAE04EC0-301F-11D3-BF4B-00C04F79EFBC}") = "LegacyTradeReconciliation.CharacterizationTests", "tests\LegacyTradeReconciliation.CharacterizationTests\LegacyTradeReconciliation.CharacterizationTests.csproj", "{4D84E6D4-9D19-450D-A6A5-AD31E2D2E1A5}"
EndProject
Global
	GlobalSection(SolutionConfigurationPlatforms) = preSolution
		Debug|Any CPU = Debug|Any CPU
		Release|Any CPU = Release|Any CPU
	EndGlobalSection
	GlobalSection(ProjectConfigurationPlatforms) = postSolution
		{6C5D80C7-7C04-4BBA-A8E3-2E35AFD0C76C}.Debug|Any CPU.ActiveCfg = Debug|Any CPU
		{6C5D80C7-7C04-4BBA-A8E3-2E35AFD0C76C}.Debug|Any CPU.Build.0 = Debug|Any CPU
		{6C5D80C7-7C04-4BBA-A8E3-2E35AFD0C76C}.Release|Any CPU.ActiveCfg = Release|Any CPU
		{6C5D80C7-7C04-4BBA-A8E3-2E35AFD0C76C}.Release|Any CPU.Build.0 = Release|Any CPU
		{4D84E6D4-9D19-450D-A6A5-AD31E2D2E1A5}.Debug|Any CPU.ActiveCfg = Debug|Any CPU
		{4D84E6D4-9D19-450D-A6A5-AD31E2D2E1A5}.Debug|Any CPU.Build.0 = Debug|Any CPU
		{4D84E6D4-9D19-450D-A6A5-AD31E2D2E1A5}.Release|Any CPU.ActiveCfg = Release|Any CPU
		{4D84E6D4-9D19-450D-A6A5-AD31E2D2E1A5}.Release|Any CPU.Build.0 = Release|Any CPU
	EndGlobalSection
	GlobalSection(SolutionProperties) = preSolution
		HideSolutionNode = FALSE
	EndGlobalSection
EndGlobal
